
Microsoft Visual Studio Solution File, Format Version 12.00
# Visual Studio 2012
Project("{FAE04EC0-301F-11D3-BF4B-00C04F79EFBC}") = "WOdontoweb", "WOdontoweb\WOdontoweb.csproj", "{203CCDA3-FE98-400E-BADA-032C297BD702}"
EndProject
Project("{2150E333-8FDC-42A3-9474-1A3956D46DE8}") = "Datos", "Datos", "{88CEE8B4-2955-4A53-BC4E-671C5172E1AB}"
EndProject
Project("{FAE04EC0-301F-11D3-BF4B-00C04F79EFBC}") = "DAgenda", "DAgenda\DAgenda.csproj", "{8A69FE71-5374-42C8-9F56-E81E4F6DC530}"
EndProject
Project("{FAE04EC0-301F-11D3-BF4B-00C04F79EFBC}") = "DConsulta", "DConsulta\DConsulta.csproj", "{96B2DD1D-44BD-4050-BA4B-C3F3C35703D2}"
EndProject
Project("{FAE04EC0-301F-11D3-BF4B-00C04F79EFBC}") = "DEventos", "DEventos\DEventos.csproj", "{128FD1F7-FF02-4ACF-B567-74612345EF0C}"
EndProject
Project("{FAE04EC0-301F-11D3-BF4B-00C04F79EFBC}") = "DFacturacion", "DFacturacion\DFacturacion.csproj", "{993EE370-FAA8-48E0-8A50-9AFEDF5BACFF}"
EndProject
Project("{2150E333-8FDC-42A3-9474-1A3956D46DE8}") = "Negocio", "Negocio", "{D87AD947-14EC-44F9-85BC-3E3C35AC4D8F}"
EndProject
Project("{FAE04EC0-301F-11D3-BF4B-00C04F79EFBC}") = "Herramientas", "Herramientas\Herramientas.csproj", "{0398367D-0762-41FC-9E40-B62A53B50977}"
EndProject
Project("{FAE04EC0-301F-11D3-BF4B-00C04F79EFBC}") = "NAgenda", "NAgenda\NAgenda.csproj", "{27E0B2C0-4021-4E82-8CFD-72CAABA8EB9D}"
EndProject
Project("{FAE04EC0-301F-11D3-BF4B-00C04F79EFBC}") = "NConsulta", "NConsulta\NConsulta.csproj", "{D4D0B6E5-7AAC-4262-882E-28E9F4C48225}"
EndProject
Project("{FAE04EC0-301F-11D3-BF4B-00C04F79EFBC}") = "NEventos", "NEventos\NEventos.csproj", "{D9726D00-827C-40C6-96F4-6CE4024A476E}"
EndProject
Project("{FAE04EC0-301F-11D3-BF4B-00C04F79EFBC}") = "NFacturacion", "NFacturacion\NFacturacion.csproj", "{F69C0A9A-0EEA-43D0-80B4-F7309CFEC492}"
EndProject
Project("{FAE04EC0-301F-11D3-BF4B-00C04F79EFBC}") = "NLogin", "NLogin\NLogin.csproj", "{92581E05-BDF7-4D4A-B188-785FF46EF5CC}"
EndProject
Project("{FAE04EC0-301F-11D3-BF4B-00C04F79EFBC}") = "DLogin", "DLogin\DLogin.csproj", "{8A23C7AD-52D5-4C7F-9B9C-191A2EBCC305}"
EndProject
Global
	GlobalSection(SolutionConfigurationPlatforms) = preSolution
		Debug|Any CPU = Debug|Any CPU
		Release|Any CPU = Release|Any CPU
	EndGlobalSection
	GlobalSection(ProjectConfigurationPlatforms) = postSolution
		{203CCDA3-FE98-400E-BADA-032C297BD702}.Debug|Any CPU.ActiveCfg = Debug|Any CPU
		{203CCDA3-FE98-400E-BADA-032C297BD702}.Debug|Any CPU.Build.0 = Debug|Any CPU
		{203CCDA3-FE98-400E-BADA-032C297BD702}.Release|Any CPU.ActiveCfg = Release|Any CPU
		{203CCDA3-FE98-400E-BADA-032C297BD702}.Release|Any CPU.Build.0 = Release|Any CPU
		{8A69FE71-5374-42C8-9F56-E81E4F6DC530}.Debug|Any CPU.ActiveCfg = Debug|Any CPU
		{8A69FE71-5374-42C8-9F56-E81E4F6DC530}.Debug|Any CPU.Build.0 = Debug|Any CPU
		{8A69FE71-5374-42C8-9F56-E81E4F6DC530}.Release|Any CPU.ActiveCfg = Release|Any CPU
		{8A69FE71-5374-42C8-9F56-E81E4F6DC530}.Release|Any CPU.Build.0 = Release|Any CPU
		{96B2DD1D-44BD-4050-BA4B-C3F3C35703D2}.Debug|Any CPU.ActiveCfg = Debug|Any CPU
		{96B2DD1D-44BD-4050-BA4B-C3F3C35703D2}.Debug|Any CPU.Build.0 = Debug|Any CPU
		{96B2DD1D-44BD-4050-BA4B-C3F3C35703D2}.Release|Any CPU.ActiveCfg = Release|Any CPU
		{96B2DD1D-44BD-4050-BA4B-C3F3C35703D2}.Release|Any CPU.Build.0 = Release|Any CPU
		{128FD1F7-FF02-4ACF-B567-74612345EF0C}.Debug|Any CPU.ActiveCfg = Debug|Any CPU
		{128FD1F7-FF02-4ACF-B567-74612345EF0C}.Debug|Any CPU.Build.0 = Debug|Any CPU
		{128FD1F7-FF02-4ACF-B567-74612345EF0C}.Release|Any CPU.ActiveCfg = Release|Any CPU
		{128FD1F7-FF02-4ACF-B567-74612345EF0C}.Release|Any CPU.Build.0 = Release|Any CPU
		{993EE370-FAA8-48E0-8A50-9AFEDF5BACFF}.Debug|Any CPU.ActiveCfg = Debug|Any CPU
		{993EE370-FAA8-48E0-8A50-9AFEDF5BACFF}.Debug|Any CPU.Build.0 = Debug|Any CPU
		{993EE370-FAA8-48E0-8A50-9AFEDF5BACFF}.Release|Any CPU.ActiveCfg = Release|Any CPU
		{993EE370-FAA8-48E0-8A50-9AFEDF5BACFF}.Release|Any CPU.Build.0 = Release|Any CPU
		{0398367D-0762-41FC-9E40-B62A53B50977}.Debug|Any CPU.ActiveCfg = Debug|Any CPU
		{0398367D-0762-41FC-9E40-B62A53B50977}.Debug|Any CPU.Build.0 = Debug|Any CPU
		{0398367D-0762-41FC-9E40-B62A53B50977}.Release|Any CPU.ActiveCfg = Release|Any CPU
		{0398367D-0762-41FC-9E40-B62A53B50977}.Release|Any CPU.Build.0 = Release|Any CPU
		{27E0B2C0-4021-4E82-8CFD-72CAABA8EB9D}.Debug|Any CPU.ActiveCfg = Debug|Any CPU
		{27E0B2C0-4021-4E82-8CFD-72CAABA8EB9D}.Debug|Any CPU.Build.0 = Debug|Any CPU
		{27E0B2C0-4021-4E82-8CFD-72CAABA8EB9D}.Release|Any CPU.ActiveCfg = Release|Any CPU
		{27E0B2C0-4021-4E82-8CFD-72CAABA8EB9D}.Release|Any CPU.Build.0 = Release|Any CPU
		{D4D0B6E5-7AAC-4262-882E-28E9F4C48225}.Debug|Any CPU.ActiveCfg = Debug|Any CPU
		{D4D0B6E5-7AAC-4262-882E-28E9F4C48225}.Debug|Any CPU.Build.0 = Debug|Any CPU
		{D4D0B6E5-7AAC-4262-882E-28E9F4C48225}.Release|Any CPU.ActiveCfg = Release|Any CPU
		{D4D0B6E5-7AAC-4262-882E-28E9F4C48225}.Release|Any CPU.Build.0 = Release|Any CPU
		{D9726D00-827C-40C6-96F4-6CE4024A476E}.Debug|Any CPU.ActiveCfg = Debug|Any CPU
		{D9726D00-827C-40C6-96F4-6CE4024A476E}.Debug|Any CPU.Build.0 = Debug|Any CPU
		{D9726D00-827C-40C6-96F4-6CE4024A476E}.Release|Any CPU.ActiveCfg = Release|Any CPU
		{D9726D00-827C-40C6-96F4-6CE4024A476E}.Release|Any CPU.Build.0 = Release|Any CPU
		{F69C0A9A-0EEA-43D0-80B4-F7309CFEC492}.Debug|Any CPU.ActiveCfg = Debug|Any CPU
		{F69C0A9A-0EEA-43D0-80B4-F7309CFEC492}.Debug|Any CPU.Build.0 = Debug|Any CPU
		{F69C0A9A-0EEA-43D0-80B4-F7309CFEC492}.Release|Any CPU.ActiveCfg = Release|Any CPU
		{F69C0A9A-0EEA-43D0-80B4-F7309CFEC492}.Release|Any CPU.Build.0 = Release|Any CPU
		{92581E05-BDF7-4D4A-B188-785FF46EF5CC}.Debug|Any CPU.ActiveCfg = Debug|Any CPU
		{92581E05-BDF7-4D4A-B188-785FF46EF5CC}.Debug|Any CPU.Build.0 = Debug|Any CPU
		{92581E05-BDF7-4D4A-B188-785FF46EF5CC}.Release|Any CPU.ActiveCfg = Release|Any CPU
		{92581E05-BDF7-4D4A-B188-785FF46EF5CC}.Release|Any CPU.Build.0 = Release|Any CPU
		{8A23C7AD-52D5-4C7F-9B9C-191A2EBCC305}.Debug|Any CPU.ActiveCfg = Debug|Any CPU
		{8A23C7AD-52D5-4C7F-9B9C-191A2EBCC305}.Debug|Any CPU.Build.0 = Debug|Any CPU
		{8A23C7AD-52D5-4C7F-9B9C-191A2EBCC305}.Release|Any CPU.ActiveCfg = Release|Any CPU
		{8A23C7AD-52D5-4C7F-9B9C-191A2EBCC305}.Release|Any CPU.Build.0 = Release|Any CPU
	EndGlobalSection
	GlobalSection(SolutionProperties) = preSolution
		HideSolutionNode = FALSE
	EndGlobalSection
	GlobalSection(NestedProjects) = preSolution
		{8A69FE71-5374-42C8-9F56-E81E4F6DC530} = {88CEE8B4-2955-4A53-BC4E-671C5172E1AB}
		{96B2DD1D-44BD-4050-BA4B-C3F3C35703D2} = {88CEE8B4-2955-4A53-BC4E-671C5172E1AB}
		{128FD1F7-FF02-4ACF-B567-74612345EF0C} = {88CEE8B4-2955-4A53-BC4E-671C5172E1AB}
		{993EE370-FAA8-48E0-8A50-9AFEDF5BACFF} = {88CEE8B4-2955-4A53-BC4E-671C5172E1AB}
		{8A23C7AD-52D5-4C7F-9B9C-191A2EBCC305} = {88CEE8B4-2955-4A53-BC4E-671C5172E1AB}
		{0398367D-0762-41FC-9E40-B62A53B50977} = {D87AD947-14EC-44F9-85BC-3E3C35AC4D8F}
		{27E0B2C0-4021-4E82-8CFD-72CAABA8EB9D} = {D87AD947-14EC-44F9-85BC-3E3C35AC4D8F}
		{D4D0B6E5-7AAC-4262-882E-28E9F4C48225} = {D87AD947-14EC-44F9-85BC-3E3C35AC4D8F}
		{D9726D00-827C-40C6-96F4-6CE4024A476E} = {D87AD947-14EC-44F9-85BC-3E3C35AC4D8F}
		{F69C0A9A-0EEA-43D0-80B4-F7309CFEC492} = {D87AD947-14EC-44F9-85BC-3E3C35AC4D8F}
		{92581E05-BDF7-4D4A-B188-785FF46EF5CC} = {D87AD947-14EC-44F9-85BC-3E3C35AC4D8F}
	EndGlobalSection
EndGlobal
